
Microsoft Visual Studio Solution File, Format Version 12.00
# Visual Studio Version 17
VisualStudioVersion = 17.4.33205.214
MinimumVisualStudioVersion = 10.0.40219.1
Project("{FAE04EC0-301F-11D3-BF4B-00C04F79EFBC}") = "AdaCredit", "AdaCredit.csproj", "{D406CC36-CE94-4BC3-8CFB-6A4E70AD6A46}"
EndProject
Global
	GlobalSection(SolutionConfigurationPlatforms) = preSolution
		Debug|Any CPU = Debug|Any CPU
		Release|Any CPU = Release|Any CPU
	EndGlobalSection
	GlobalSection(ProjectConfigurationPlatforms) = postSolution
		{D406CC36-CE94-4BC3-8CFB-6A4E70AD6A46}.Debug|Any CPU.ActiveCfg = Debug|Any CPU
		{D406CC36-CE94-4BC3-8CFB-6A4E70AD6A46}.Debug|Any CPU.Build.0 = Debug|Any CPU
		{D406CC36-CE94-4BC3-8CFB-6A4E70AD6A46}.Release|Any CPU.ActiveCfg = Release|Any CPU
		{D406CC36-CE94-4BC3-8CFB-6A4E70AD6A46}.Release|Any CPU.Build.0 = Release|Any CPU
	EndGlobalSection
	GlobalSection(SolutionProperties) = preSolution
		HideSolutionNode = FALSE
	EndGlobalSection
	GlobalSection(ExtensibilityGlobals) = postSolution
		SolutionGuid = {35E9E5FB-9DDB-4B8B-941C-E79002B551AD}
	EndGlobalSection
EndGlobal
